PODS:
  - espblufi (0.0.1):
    - Flutter
  - Flutter (1.0.0)

DEPENDENCIES:
  - espblufi (from `.symlinks/plugins/espblufi/ios`)
  - Flutter (from `Flutter`)

EXTERNAL SOURCES:
  espblufi:
    :path: ".symlinks/plugins/espblufi/ios"
  Flutter:
    :path: Flutter

SPEC CHECKSUMS:
  espblufi: 90869370da3db76a2c78b5401148e3f9ce631774
  Flutter: 50d75fe2f02b26cc09d224853bb45737f8b3214a

PODFILE CHECKSUM: e5ee00144d04e7b168ba7ea28a9753540e444f3d

COCOAPODS: 1.11.3
